
Microsoft Visual Studio Solution File, Format Version 12.00
# Visual Studio Version 16
VisualStudioVersion = 16.0.29306.81
MinimumVisualStudioVersion = 10.0.40219.1
Project("{FAE04EC0-301F-11D3-BF4B-00C04F79EFBC}") = "PictureViewer", "PictureViewer\PictureViewer.csproj", "{20A46A0A-7497-40BB-BD25-63BA069800CB}"
EndProject
Global
	GlobalSection(SolutionConfigurationPlatforms) = preSolution
		Debug|Any CPU = Debug|Any CPU
		Release|Any CPU = Release|Any CPU
	EndGlobalSection
	GlobalSection(ProjectConfigurationPlatforms) = postSolution
		{20A46A0A-7497-40BB-BD25-63BA069800CB}.Debug|Any CPU.ActiveCfg = Debug|Any CPU
		{20A46A0A-7497-40BB-BD25-63BA069800CB}.Debug|Any CPU.Build.0 = Debug|Any CPU
		{20A46A0A-7497-40BB-BD25-63BA069800CB}.Release|Any CPU.ActiveCfg = Release|Any CPU
		{20A46A0A-7497-40BB-BD25-63BA069800CB}.Release|Any CPU.Build.0 = Release|Any CPU
	EndGlobalSection
	GlobalSection(SolutionProperties) = preSolution
		HideSolutionNode = FALSE
	EndGlobalSection
	GlobalSection(ExtensibilityGlobals) = postSolution
		SolutionGuid = {F7E79929-5F02-4DE2-B31F-7A12FE3C3CFB}
	EndGlobalSection
EndGlobal
